
Microsoft Visual Studio Solution File, Format Version 12.00
# Visual Studio Version 17
VisualStudioVersion = 17.14.36109.1 d17.14
MinimumVisualStudioVersion = 10.0.40219.1
Project("{FAE04EC0-301F-11D3-BF4B-00C04F79EFBC}") = "Guia 8.1 Ejercicio 4", "Guia 8.1 Ejercicio 4\Guia 8.1 Ejercicio 4.csproj", "{D7133458-AE2E-4FCD-BA14-476DF29F3D60}"
EndProject
Global
	GlobalSection(SolutionConfigurationPlatforms) = preSolution
		Debug|Any CPU = Debug|Any CPU
		Release|Any CPU = Release|Any CPU
	EndGlobalSection
	GlobalSection(ProjectConfigurationPlatforms) = postSolution
		{D7133458-AE2E-4FCD-BA14-476DF29F3D60}.Debug|Any CPU.ActiveCfg = Debug|Any CPU
		{D7133458-AE2E-4FCD-BA14-476DF29F3D60}.Debug|Any CPU.Build.0 = Debug|Any CPU
		{D7133458-AE2E-4FCD-BA14-476DF29F3D60}.Release|Any CPU.ActiveCfg = Release|Any CPU
		{D7133458-AE2E-4FCD-BA14-476DF29F3D60}.Release|Any CPU.Build.0 = Release|Any CPU
	EndGlobalSection
	GlobalSection(SolutionProperties) = preSolution
		HideSolutionNode = FALSE
	EndGlobalSection
	GlobalSection(ExtensibilityGlobals) = postSolution
		SolutionGuid = {A1E38E02-A9AA-4A2B-A6CC-848C66BAF6D4}
	EndGlobalSection
EndGlobal
