
Microsoft Visual Studio Solution File, Format Version 12.00
# Visual Studio Version 17
VisualStudioVersion = 17.14.36109.1 d17.14
MinimumVisualStudioVersion = 10.0.40219.1
Project("{FAE04EC0-301F-11D3-BF4B-00C04F79EFBC}") = "Guia 8.1 Ejercico 3", "Guia 8.1 Ejercico 3\Guia 8.1 Ejercico 3.csproj", "{ACDB939B-291F-47A8-ABF1-20F236FD3A48}"
EndProject
Global
	GlobalSection(SolutionConfigurationPlatforms) = preSolution
		Debug|Any CPU = Debug|Any CPU
		Release|Any CPU = Release|Any CPU
	EndGlobalSection
	GlobalSection(ProjectConfigurationPlatforms) = postSolution
		{ACDB939B-291F-47A8-ABF1-20F236FD3A48}.Debug|Any CPU.ActiveCfg = Debug|Any CPU
		{ACDB939B-291F-47A8-ABF1-20F236FD3A48}.Debug|Any CPU.Build.0 = Debug|Any CPU
		{ACDB939B-291F-47A8-ABF1-20F236FD3A48}.Release|Any CPU.ActiveCfg = Release|Any CPU
		{ACDB939B-291F-47A8-ABF1-20F236FD3A48}.Release|Any CPU.Build.0 = Release|Any CPU
	EndGlobalSection
	GlobalSection(SolutionProperties) = preSolution
		HideSolutionNode = FALSE
	EndGlobalSection
	GlobalSection(ExtensibilityGlobals) = postSolution
		SolutionGuid = {08E3BD4E-4BE1-4247-9071-3AF881D480FE}
	EndGlobalSection
EndGlobal
